
Microsoft Visual Studio Solution File, Format Version 12.00
# Visual Studio 15
VisualStudioVersion = 15.0.26730.10
MinimumVisualStudioVersion = 10.0.40219.1
Project("{FAE04EC0-301F-11D3-BF4B-00C04F79EFBC}") = "AlbumWordAddin", "AlbumWordAddin\AlbumWordAddin.csproj", "{BD7257CC-26EE-4AB5-9702-F493572324E6}"
EndProject
Project("{FAE04EC0-301F-11D3-BF4B-00C04F79EFBC}") = "VstoEx", "VstoEx\VstoEx.csproj", "{1CC0C8F7-FC7F-44CB-ADC8-CAA0B383B274}"
EndProject
Project("{FAE04EC0-301F-11D3-BF4B-00C04F79EFBC}") = "DialogConsoleStarter", "DialogConsoleStarter\DialogConsoleStarter.csproj", "{2B2B63BD-6823-416C-B32D-914DFBC8EEAB}"
EndProject
Project("{FAE04EC0-301F-11D3-BF4B-00C04F79EFBC}") = "PicturesSorter", "PicturesSorter\PicturesSorter.csproj", "{7DD760CB-1E03-4DFB-8AF6-2825BCDBF6F2}"
EndProject
Project("{FAE04EC0-301F-11D3-BF4B-00C04F79EFBC}") = "UserPreferences", "UserPreferences\UserPreferences.csproj", "{73C2E5FF-E033-457F-9008-78739B616229}"
EndProject
Project("{2150E333-8FDC-42A3-9474-1A3956D46DE8}") = "Solution items", "Solution items", "{94641BBC-A673-4B83-9813-9957C3A1F401}"
	ProjectSection(SolutionItems) = preProject
		README.md = README.md
	EndProjectSection
EndProject
Project("{FAE04EC0-301F-11D3-BF4B-00C04F79EFBC}") = "TestsPicturesSorter", "TestsPictureSorter\TestsPicturesSorter.csproj", "{0B9106E8-B945-4572-A200-CDB0CF3A9BEC}"
EndProject
Project("{FAE04EC0-301F-11D3-BF4B-00C04F79EFBC}") = "TestsPictureHandler", "TestsPictureHandler\TestsPictureHandler.csproj", "{82BAB931-BCA6-43F0-8B15-44E443B20033}"
EndProject
Project("{FAE04EC0-301F-11D3-BF4B-00C04F79EFBC}") = "PictureHandler", "PictureHandler\PictureHandler.csproj", "{559CDF0D-F38C-48BF-8ADE-AB32B2098134}"
EndProject
Project("{FAE04EC0-301F-11D3-BF4B-00C04F79EFBC}") = "TestsAlbumWordAddin", "TestsAlbumWordAddin\TestsAlbumWordAddin.csproj", "{14EDE71B-6E54-4791-81C4-8985FBF0AA87}"
EndProject
Project("{FAE04EC0-301F-11D3-BF4B-00C04F79EFBC}") = "TestsVstoEx", "TestsVstoEx\TestsVstoEx.csproj", "{99F4B6F3-B319-4A27-868D-2B21C36786EE}"
EndProject
Project("{FAE04EC0-301F-11D3-BF4B-00C04F79EFBC}") = "Folders", "FolderWalker\Folders.csproj", "{E1F84E76-798A-40C1-AFFE-3C0C92DF20A6}"
EndProject
Project("{2150E333-8FDC-42A3-9474-1A3956D46DE8}") = "Tests", "Tests", "{8E9FEAC6-0756-425E-856C-095E160D42E5}"
EndProject
Project("{FAE04EC0-301F-11D3-BF4B-00C04F79EFBC}") = "TestsPicturesComparer", "TestsPicturesComparer\TestsPicturesComparer.csproj", "{67532118-DE91-41C6-9BF9-861E5AF0B542}"
EndProject
Global
	GlobalSection(SolutionConfigurationPlatforms) = preSolution
		CD_ROM|Any CPU = CD_ROM|Any CPU
		Debug|Any CPU = Debug|Any CPU
		DVD-5|Any CPU = DVD-5|Any CPU
		Release|Any CPU = Release|Any CPU
		SingleImage|Any CPU = SingleImage|Any CPU
	EndGlobalSection
	GlobalSection(ProjectConfigurationPlatforms) = postSolution
		{BD7257CC-26EE-4AB5-9702-F493572324E6}.CD_ROM|Any CPU.ActiveCfg = Release|Any CPU
		{BD7257CC-26EE-4AB5-9702-F493572324E6}.CD_ROM|Any CPU.Build.0 = Release|Any CPU
		{BD7257CC-26EE-4AB5-9702-F493572324E6}.Debug|Any CPU.ActiveCfg = Debug|Any CPU
		{BD7257CC-26EE-4AB5-9702-F493572324E6}.Debug|Any CPU.Build.0 = Debug|Any CPU
		{BD7257CC-26EE-4AB5-9702-F493572324E6}.DVD-5|Any CPU.ActiveCfg = Debug|Any CPU
		{BD7257CC-26EE-4AB5-9702-F493572324E6}.DVD-5|Any CPU.Build.0 = Debug|Any CPU
		{BD7257CC-26EE-4AB5-9702-F493572324E6}.Release|Any CPU.ActiveCfg = Release|Any CPU
		{BD7257CC-26EE-4AB5-9702-F493572324E6}.Release|Any CPU.Build.0 = Release|Any CPU
		{BD7257CC-26EE-4AB5-9702-F493572324E6}.SingleImage|Any CPU.ActiveCfg = Release|Any CPU
		{BD7257CC-26EE-4AB5-9702-F493572324E6}.SingleImage|Any CPU.Build.0 = Release|Any CPU
		{1CC0C8F7-FC7F-44CB-ADC8-CAA0B383B274}.CD_ROM|Any CPU.ActiveCfg = Release|Any CPU
		{1CC0C8F7-FC7F-44CB-ADC8-CAA0B383B274}.CD_ROM|Any CPU.Build.0 = Release|Any CPU
		{1CC0C8F7-FC7F-44CB-ADC8-CAA0B383B274}.Debug|Any CPU.ActiveCfg = Debug|Any CPU
		{1CC0C8F7-FC7F-44CB-ADC8-CAA0B383B274}.Debug|Any CPU.Build.0 = Debug|Any CPU
		{1CC0C8F7-FC7F-44CB-ADC8-CAA0B383B274}.DVD-5|Any CPU.ActiveCfg = Debug|Any CPU
		{1CC0C8F7-FC7F-44CB-ADC8-CAA0B383B274}.DVD-5|Any CPU.Build.0 = Debug|Any CPU
		{1CC0C8F7-FC7F-44CB-ADC8-CAA0B383B274}.Release|Any CPU.ActiveCfg = Release|Any CPU
		{1CC0C8F7-FC7F-44CB-ADC8-CAA0B383B274}.Release|Any CPU.Build.0 = Release|Any CPU
		{1CC0C8F7-FC7F-44CB-ADC8-CAA0B383B274}.SingleImage|Any CPU.ActiveCfg = Release|Any CPU
		{1CC0C8F7-FC7F-44CB-ADC8-CAA0B383B274}.SingleImage|Any CPU.Build.0 = Release|Any CPU
		{2B2B63BD-6823-416C-B32D-914DFBC8EEAB}.CD_ROM|Any CPU.ActiveCfg = Release|Any CPU
		{2B2B63BD-6823-416C-B32D-914DFBC8EEAB}.CD_ROM|Any CPU.Build.0 = Release|Any CPU
		{2B2B63BD-6823-416C-B32D-914DFBC8EEAB}.Debug|Any CPU.ActiveCfg = Debug|Any CPU
		{2B2B63BD-6823-416C-B32D-914DFBC8EEAB}.Debug|Any CPU.Build.0 = Debug|Any CPU
		{2B2B63BD-6823-416C-B32D-914DFBC8EEAB}.DVD-5|Any CPU.ActiveCfg = Debug|Any CPU
		{2B2B63BD-6823-416C-B32D-914DFBC8EEAB}.DVD-5|Any CPU.Build.0 = Debug|Any CPU
		{2B2B63BD-6823-416C-B32D-914DFBC8EEAB}.Release|Any CPU.ActiveCfg = Release|Any CPU
		{2B2B63BD-6823-416C-B32D-914DFBC8EEAB}.Release|Any CPU.Build.0 = Release|Any CPU
		{2B2B63BD-6823-416C-B32D-914DFBC8EEAB}.SingleImage|Any CPU.ActiveCfg = Release|Any CPU
		{2B2B63BD-6823-416C-B32D-914DFBC8EEAB}.SingleImage|Any CPU.Build.0 = Release|Any CPU
		{7DD760CB-1E03-4DFB-8AF6-2825BCDBF6F2}.CD_ROM|Any CPU.ActiveCfg = Release|Any CPU
		{7DD760CB-1E03-4DFB-8AF6-2825BCDBF6F2}.CD_ROM|Any CPU.Build.0 = Release|Any CPU
		{7DD760CB-1E03-4DFB-8AF6-2825BCDBF6F2}.Debug|Any CPU.ActiveCfg = Debug|Any CPU
		{7DD760CB-1E03-4DFB-8AF6-2825BCDBF6F2}.Debug|Any CPU.Build.0 = Debug|Any CPU
		{7DD760CB-1E03-4DFB-8AF6-2825BCDBF6F2}.DVD-5|Any CPU.ActiveCfg = Debug|Any CPU
		{7DD760CB-1E03-4DFB-8AF6-2825BCDBF6F2}.DVD-5|Any CPU.Build.0 = Debug|Any CPU
		{7DD760CB-1E03-4DFB-8AF6-2825BCDBF6F2}.Release|Any CPU.ActiveCfg = Release|Any CPU
		{7DD760CB-1E03-4DFB-8AF6-2825BCDBF6F2}.Release|Any CPU.Build.0 = Release|Any CPU
		{7DD760CB-1E03-4DFB-8AF6-2825BCDBF6F2}.SingleImage|Any CPU.ActiveCfg = Release|Any CPU
		{7DD760CB-1E03-4DFB-8AF6-2825BCDBF6F2}.SingleImage|Any CPU.Build.0 = Release|Any CPU
		{73C2E5FF-E033-457F-9008-78739B616229}.CD_ROM|Any CPU.ActiveCfg = Release|Any CPU
		{73C2E5FF-E033-457F-9008-78739B616229}.CD_ROM|Any CPU.Build.0 = Release|Any CPU
		{73C2E5FF-E033-457F-9008-78739B616229}.Debug|Any CPU.ActiveCfg = Debug|Any CPU
		{73C2E5FF-E033-457F-9008-78739B616229}.Debug|Any CPU.Build.0 = Debug|Any CPU
		{73C2E5FF-E033-457F-9008-78739B616229}.DVD-5|Any CPU.ActiveCfg = Debug|Any CPU
		{73C2E5FF-E033-457F-9008-78739B616229}.DVD-5|Any CPU.Build.0 = Debug|Any CPU
		{73C2E5FF-E033-457F-9008-78739B616229}.Release|Any CPU.ActiveCfg = Release|Any CPU
		{73C2E5FF-E033-457F-9008-78739B616229}.Release|Any CPU.Build.0 = Release|Any CPU
		{73C2E5FF-E033-457F-9008-78739B616229}.SingleImage|Any CPU.ActiveCfg = Release|Any CPU
		{73C2E5FF-E033-457F-9008-78739B616229}.SingleImage|Any CPU.Build.0 = Release|Any CPU
		{0B9106E8-B945-4572-A200-CDB0CF3A9BEC}.CD_ROM|Any CPU.ActiveCfg = Release|Any CPU
		{0B9106E8-B945-4572-A200-CDB0CF3A9BEC}.CD_ROM|Any CPU.Build.0 = Release|Any CPU
		{0B9106E8-B945-4572-A200-CDB0CF3A9BEC}.Debug|Any CPU.ActiveCfg = Debug|Any CPU
		{0B9106E8-B945-4572-A200-CDB0CF3A9BEC}.Debug|Any CPU.Build.0 = Debug|Any CPU
		{0B9106E8-B945-4572-A200-CDB0CF3A9BEC}.DVD-5|Any CPU.ActiveCfg = Debug|Any CPU
		{0B9106E8-B945-4572-A200-CDB0CF3A9BEC}.DVD-5|Any CPU.Build.0 = Debug|Any CPU
		{0B9106E8-B945-4572-A200-CDB0CF3A9BEC}.Release|Any CPU.ActiveCfg = Release|Any CPU
		{0B9106E8-B945-4572-A200-CDB0CF3A9BEC}.Release|Any CPU.Build.0 = Release|Any CPU
		{0B9106E8-B945-4572-A200-CDB0CF3A9BEC}.SingleImage|Any CPU.ActiveCfg = Release|Any CPU
		{0B9106E8-B945-4572-A200-CDB0CF3A9BEC}.SingleImage|Any CPU.Build.0 = Release|Any CPU
		{82BAB931-BCA6-43F0-8B15-44E443B20033}.CD_ROM|Any CPU.ActiveCfg = Release|Any CPU
		{82BAB931-BCA6-43F0-8B15-44E443B20033}.CD_ROM|Any CPU.Build.0 = Release|Any CPU
		{82BAB931-BCA6-43F0-8B15-44E443B20033}.Debug|Any CPU.ActiveCfg = Debug|Any CPU
		{82BAB931-BCA6-43F0-8B15-44E443B20033}.Debug|Any CPU.Build.0 = Debug|Any CPU
		{82BAB931-BCA6-43F0-8B15-44E443B20033}.DVD-5|Any CPU.ActiveCfg = Debug|Any CPU
		{82BAB931-BCA6-43F0-8B15-44E443B20033}.DVD-5|Any CPU.Build.0 = Debug|Any CPU
		{82BAB931-BCA6-43F0-8B15-44E443B20033}.Release|Any CPU.ActiveCfg = Release|Any CPU
		{82BAB931-BCA6-43F0-8B15-44E443B20033}.Release|Any CPU.Build.0 = Release|Any CPU
		{82BAB931-BCA6-43F0-8B15-44E443B20033}.SingleImage|Any CPU.ActiveCfg = Release|Any CPU
		{82BAB931-BCA6-43F0-8B15-44E443B20033}.SingleImage|Any CPU.Build.0 = Release|Any CPU
		{559CDF0D-F38C-48BF-8ADE-AB32B2098134}.CD_ROM|Any CPU.ActiveCfg = Release|Any CPU
		{559CDF0D-F38C-48BF-8ADE-AB32B2098134}.CD_ROM|Any CPU.Build.0 = Release|Any CPU
		{559CDF0D-F38C-48BF-8ADE-AB32B2098134}.Debug|Any CPU.ActiveCfg = Debug|Any CPU
		{559CDF0D-F38C-48BF-8ADE-AB32B2098134}.Debug|Any CPU.Build.0 = Debug|Any CPU
		{559CDF0D-F38C-48BF-8ADE-AB32B2098134}.DVD-5|Any CPU.ActiveCfg = Debug|Any CPU
		{559CDF0D-F38C-48BF-8ADE-AB32B2098134}.DVD-5|Any CPU.Build.0 = Debug|Any CPU
		{559CDF0D-F38C-48BF-8ADE-AB32B2098134}.Release|Any CPU.ActiveCfg = Release|Any CPU
		{559CDF0D-F38C-48BF-8ADE-AB32B2098134}.Release|Any CPU.Build.0 = Release|Any CPU
		{559CDF0D-F38C-48BF-8ADE-AB32B2098134}.SingleImage|Any CPU.ActiveCfg = Release|Any CPU
		{559CDF0D-F38C-48BF-8ADE-AB32B2098134}.SingleImage|Any CPU.Build.0 = Release|Any CPU
		{14EDE71B-6E54-4791-81C4-8985FBF0AA87}.CD_ROM|Any CPU.ActiveCfg = Release|Any CPU
		{14EDE71B-6E54-4791-81C4-8985FBF0AA87}.CD_ROM|Any CPU.Build.0 = Release|Any CPU
		{14EDE71B-6E54-4791-81C4-8985FBF0AA87}.Debug|Any CPU.ActiveCfg = Debug|Any CPU
		{14EDE71B-6E54-4791-81C4-8985FBF0AA87}.Debug|Any CPU.Build.0 = Debug|Any CPU
		{14EDE71B-6E54-4791-81C4-8985FBF0AA87}.DVD-5|Any CPU.ActiveCfg = Debug|Any CPU
		{14EDE71B-6E54-4791-81C4-8985FBF0AA87}.DVD-5|Any CPU.Build.0 = Debug|Any CPU
		{14EDE71B-6E54-4791-81C4-8985FBF0AA87}.Release|Any CPU.ActiveCfg = Release|Any CPU
		{14EDE71B-6E54-4791-81C4-8985FBF0AA87}.Release|Any CPU.Build.0 = Release|Any CPU
		{14EDE71B-6E54-4791-81C4-8985FBF0AA87}.SingleImage|Any CPU.ActiveCfg = Release|Any CPU
		{14EDE71B-6E54-4791-81C4-8985FBF0AA87}.SingleImage|Any CPU.Build.0 = Release|Any CPU
		{99F4B6F3-B319-4A27-868D-2B21C36786EE}.CD_ROM|Any CPU.ActiveCfg = Release|Any CPU
		{99F4B6F3-B319-4A27-868D-2B21C36786EE}.CD_ROM|Any CPU.Build.0 = Release|Any CPU
		{99F4B6F3-B319-4A27-868D-2B21C36786EE}.Debug|Any CPU.ActiveCfg = Debug|Any CPU
		{99F4B6F3-B319-4A27-868D-2B21C36786EE}.Debug|Any CPU.Build.0 = Debug|Any CPU
		{99F4B6F3-B319-4A27-868D-2B21C36786EE}.DVD-5|Any CPU.ActiveCfg = Debug|Any CPU
		{99F4B6F3-B319-4A27-868D-2B21C36786EE}.DVD-5|Any CPU.Build.0 = Debug|Any CPU
		{99F4B6F3-B319-4A27-868D-2B21C36786EE}.Release|Any CPU.ActiveCfg = Release|Any CPU
		{99F4B6F3-B319-4A27-868D-2B21C36786EE}.Release|Any CPU.Build.0 = Release|Any CPU
		{99F4B6F3-B319-4A27-868D-2B21C36786EE}.SingleImage|Any CPU.ActiveCfg = Release|Any CPU
		{99F4B6F3-B319-4A27-868D-2B21C36786EE}.SingleImage|Any CPU.Build.0 = Release|Any CPU
		{E1F84E76-798A-40C1-AFFE-3C0C92DF20A6}.CD_ROM|Any CPU.ActiveCfg = Release|Any CPU
		{E1F84E76-798A-40C1-AFFE-3C0C92DF20A6}.CD_ROM|Any CPU.Build.0 = Release|Any CPU
		{E1F84E76-798A-40C1-AFFE-3C0C92DF20A6}.Debug|Any CPU.ActiveCfg = Debug|Any CPU
		{E1F84E76-798A-40C1-AFFE-3C0C92DF20A6}.Debug|Any CPU.Build.0 = Debug|Any CPU
		{E1F84E76-798A-40C1-AFFE-3C0C92DF20A6}.DVD-5|Any CPU.ActiveCfg = Debug|Any CPU
		{E1F84E76-798A-40C1-AFFE-3C0C92DF20A6}.DVD-5|Any CPU.Build.0 = Debug|Any CPU
		{E1F84E76-798A-40C1-AFFE-3C0C92DF20A6}.Release|Any CPU.ActiveCfg = Release|Any CPU
		{E1F84E76-798A-40C1-AFFE-3C0C92DF20A6}.Release|Any CPU.Build.0 = Release|Any CPU
		{E1F84E76-798A-40C1-AFFE-3C0C92DF20A6}.SingleImage|Any CPU.ActiveCfg = Release|Any CPU
		{E1F84E76-798A-40C1-AFFE-3C0C92DF20A6}.SingleImage|Any CPU.Build.0 = Release|Any CPU
		{67532118-DE91-41C6-9BF9-861E5AF0B542}.CD_ROM|Any CPU.ActiveCfg = Release|Any CPU
		{67532118-DE91-41C6-9BF9-861E5AF0B542}.CD_ROM|Any CPU.Build.0 = Release|Any CPU
		{67532118-DE91-41C6-9BF9-861E5AF0B542}.Debug|Any CPU.ActiveCfg = Debug|Any CPU
		{67532118-DE91-41C6-9BF9-861E5AF0B542}.Debug|Any CPU.Build.0 = Debug|Any CPU
		{67532118-DE91-41C6-9BF9-861E5AF0B542}.DVD-5|Any CPU.ActiveCfg = Debug|Any CPU
		{67532118-DE91-41C6-9BF9-861E5AF0B542}.DVD-5|Any CPU.Build.0 = Debug|Any CPU
		{67532118-DE91-41C6-9BF9-861E5AF0B542}.Release|Any CPU.ActiveCfg = Release|Any CPU
		{67532118-DE91-41C6-9BF9-861E5AF0B542}.Release|Any CPU.Build.0 = Release|Any CPU
		{67532118-DE91-41C6-9BF9-861E5AF0B542}.SingleImage|Any CPU.ActiveCfg = Release|Any CPU
		{67532118-DE91-41C6-9BF9-861E5AF0B542}.SingleImage|Any CPU.Build.0 = Release|Any CPU
	EndGlobalSection
	GlobalSection(SolutionProperties) = preSolution
		HideSolutionNode = FALSE
	EndGlobalSection
	GlobalSection(NestedProjects) = preSolution
		{0B9106E8-B945-4572-A200-CDB0CF3A9BEC} = {8E9FEAC6-0756-425E-856C-095E160D42E5}
		{82BAB931-BCA6-43F0-8B15-44E443B20033} = {8E9FEAC6-0756-425E-856C-095E160D42E5}
		{14EDE71B-6E54-4791-81C4-8985FBF0AA87} = {8E9FEAC6-0756-425E-856C-095E160D42E5}
		{99F4B6F3-B319-4A27-868D-2B21C36786EE} = {8E9FEAC6-0756-425E-856C-095E160D42E5}
		{67532118-DE91-41C6-9BF9-861E5AF0B542} = {8E9FEAC6-0756-425E-856C-095E160D42E5}
	EndGlobalSection
	GlobalSection(ExtensibilityGlobals) = postSolution
		SolutionGuid = {BE7834BF-9E12-4154-BB27-D3957BE7BC65}
	EndGlobalSection
EndGlobal
