
Microsoft Visual Studio Solution File, Format Version 12.00
# Visual Studio 14
VisualStudioVersion = 14.0.25420.1
MinimumVisualStudioVersion = 10.0.40219.1
Project("{FAE04EC0-301F-11D3-BF4B-00C04F79EFBC}") = "AlbumWordAddin", "AlbumWordAddin\AlbumWordAddin.csproj", "{BD7257CC-26EE-4AB5-9702-F493572324E6}"
EndProject
Project("{FAE04EC0-301F-11D3-BF4B-00C04F79EFBC}") = "VstoEx", "VstoEx\VstoEx.csproj", "{1CC0C8F7-FC7F-44CB-ADC8-CAA0B383B274}"
EndProject
Project("{FAE04EC0-301F-11D3-BF4B-00C04F79EFBC}") = "AlbumWordAddinTests", "PositionerTests\AlbumWordAddinTests.csproj", "{14EDE71B-6E54-4791-81C4-8985FBF0AA87}"
EndProject
Project("{FAE04EC0-301F-11D3-BF4B-00C04F79EFBC}") = "DialogConsoleStarter", "DialogConsoleStarter\DialogConsoleStarter.csproj", "{2B2B63BD-6823-416C-B32D-914DFBC8EEAB}"
EndProject
Project("{FAE04EC0-301F-11D3-BF4B-00C04F79EFBC}") = "PicturesSorter", "PicturesSorter\PicturesSorter.csproj", "{7DD760CB-1E03-4DFB-8AF6-2825BCDBF6F2}"
EndProject
Project("{FAE04EC0-301F-11D3-BF4B-00C04F79EFBC}") = "UserPreferences", "UserPreferences\UserPreferences.csproj", "{73C2E5FF-E033-457F-9008-78739B616229}"
EndProject
Project("{2150E333-8FDC-42A3-9474-1A3956D46DE8}") = "Solution items", "Solution items", "{94641BBC-A673-4B83-9813-9957C3A1F401}"
	ProjectSection(SolutionItems) = preProject
		README.md = README.md
	EndProjectSection
EndProject
Project("{FAE04EC0-301F-11D3-BF4B-00C04F79EFBC}") = "PictureSorterTests", "PictureSorterTests\PictureSorterTests.csproj", "{0B9106E8-B945-4572-A200-CDB0CF3A9BEC}"
EndProject
Project("{FAE04EC0-301F-11D3-BF4B-00C04F79EFBC}") = "PictureHandlerTest", "PictureHandlerTest\PictureHandlerTest.csproj", "{82BAB931-BCA6-43F0-8B15-44E443B20033}"
EndProject
Project("{FAE04EC0-301F-11D3-BF4B-00C04F79EFBC}") = "PictureHandler", "PictureHandler\PictureHandler.csproj", "{559CDF0D-F38C-48BF-8ADE-AB32B2098134}"
EndProject
Global
	GlobalSection(SolutionConfigurationPlatforms) = preSolution
		Debug|Any CPU = Debug|Any CPU
		Release|Any CPU = Release|Any CPU
	EndGlobalSection
	GlobalSection(ProjectConfigurationPlatforms) = postSolution
		{BD7257CC-26EE-4AB5-9702-F493572324E6}.Debug|Any CPU.ActiveCfg = Debug|Any CPU
		{BD7257CC-26EE-4AB5-9702-F493572324E6}.Debug|Any CPU.Build.0 = Debug|Any CPU
		{BD7257CC-26EE-4AB5-9702-F493572324E6}.Release|Any CPU.ActiveCfg = Release|Any CPU
		{BD7257CC-26EE-4AB5-9702-F493572324E6}.Release|Any CPU.Build.0 = Release|Any CPU
		{1CC0C8F7-FC7F-44CB-ADC8-CAA0B383B274}.Debug|Any CPU.ActiveCfg = Debug|Any CPU
		{1CC0C8F7-FC7F-44CB-ADC8-CAA0B383B274}.Debug|Any CPU.Build.0 = Debug|Any CPU
		{1CC0C8F7-FC7F-44CB-ADC8-CAA0B383B274}.Release|Any CPU.ActiveCfg = Release|Any CPU
		{1CC0C8F7-FC7F-44CB-ADC8-CAA0B383B274}.Release|Any CPU.Build.0 = Release|Any CPU
		{14EDE71B-6E54-4791-81C4-8985FBF0AA87}.Debug|Any CPU.ActiveCfg = Debug|Any CPU
		{14EDE71B-6E54-4791-81C4-8985FBF0AA87}.Debug|Any CPU.Build.0 = Debug|Any CPU
		{14EDE71B-6E54-4791-81C4-8985FBF0AA87}.Release|Any CPU.ActiveCfg = Release|Any CPU
		{14EDE71B-6E54-4791-81C4-8985FBF0AA87}.Release|Any CPU.Build.0 = Release|Any CPU
		{2B2B63BD-6823-416C-B32D-914DFBC8EEAB}.Debug|Any CPU.ActiveCfg = Debug|Any CPU
		{2B2B63BD-6823-416C-B32D-914DFBC8EEAB}.Debug|Any CPU.Build.0 = Debug|Any CPU
		{2B2B63BD-6823-416C-B32D-914DFBC8EEAB}.Release|Any CPU.ActiveCfg = Release|Any CPU
		{2B2B63BD-6823-416C-B32D-914DFBC8EEAB}.Release|Any CPU.Build.0 = Release|Any CPU
		{7DD760CB-1E03-4DFB-8AF6-2825BCDBF6F2}.Debug|Any CPU.ActiveCfg = Debug|Any CPU
		{7DD760CB-1E03-4DFB-8AF6-2825BCDBF6F2}.Debug|Any CPU.Build.0 = Debug|Any CPU
		{7DD760CB-1E03-4DFB-8AF6-2825BCDBF6F2}.Release|Any CPU.ActiveCfg = Release|Any CPU
		{7DD760CB-1E03-4DFB-8AF6-2825BCDBF6F2}.Release|Any CPU.Build.0 = Release|Any CPU
		{73C2E5FF-E033-457F-9008-78739B616229}.Debug|Any CPU.ActiveCfg = Debug|Any CPU
		{73C2E5FF-E033-457F-9008-78739B616229}.Debug|Any CPU.Build.0 = Debug|Any CPU
		{73C2E5FF-E033-457F-9008-78739B616229}.Release|Any CPU.ActiveCfg = Release|Any CPU
		{73C2E5FF-E033-457F-9008-78739B616229}.Release|Any CPU.Build.0 = Release|Any CPU
		{0B9106E8-B945-4572-A200-CDB0CF3A9BEC}.Debug|Any CPU.ActiveCfg = Debug|Any CPU
		{0B9106E8-B945-4572-A200-CDB0CF3A9BEC}.Debug|Any CPU.Build.0 = Debug|Any CPU
		{0B9106E8-B945-4572-A200-CDB0CF3A9BEC}.Release|Any CPU.ActiveCfg = Release|Any CPU
		{0B9106E8-B945-4572-A200-CDB0CF3A9BEC}.Release|Any CPU.Build.0 = Release|Any CPU
		{82BAB931-BCA6-43F0-8B15-44E443B20033}.Debug|Any CPU.ActiveCfg = Debug|Any CPU
		{82BAB931-BCA6-43F0-8B15-44E443B20033}.Debug|Any CPU.Build.0 = Debug|Any CPU
		{82BAB931-BCA6-43F0-8B15-44E443B20033}.Release|Any CPU.ActiveCfg = Release|Any CPU
		{82BAB931-BCA6-43F0-8B15-44E443B20033}.Release|Any CPU.Build.0 = Release|Any CPU
		{559CDF0D-F38C-48BF-8ADE-AB32B2098134}.Debug|Any CPU.ActiveCfg = Debug|Any CPU
		{559CDF0D-F38C-48BF-8ADE-AB32B2098134}.Debug|Any CPU.Build.0 = Debug|Any CPU
		{559CDF0D-F38C-48BF-8ADE-AB32B2098134}.Release|Any CPU.ActiveCfg = Release|Any CPU
		{559CDF0D-F38C-48BF-8ADE-AB32B2098134}.Release|Any CPU.Build.0 = Release|Any CPU
	EndGlobalSection
	GlobalSection(SolutionProperties) = preSolution
		HideSolutionNode = FALSE
	EndGlobalSection
EndGlobal
